PODS:
  - Analytics (3.5.0)
  - Expecta (1.0.5)
  - Nimble (4.1.0)
  - Nocilla (0.10.0)
  - Quick (0.9.3)
  - Specta (1.0.5)

DEPENDENCIES:
  - Analytics (from `../`)
  - Expecta
  - Nimble
  - Nocilla
  - Quick
  - Specta

EXTERNAL SOURCES:
  Analytics:
    :path: ../

SPEC CHECKSUMS:
  Analytics: 79046b34f62a861622fbb6d1af5b0e705d6aba2e
  Expecta: e1c022fcd33910b6be89c291d2775b3fe27a89fe
  Nimble: 97a0a4cae5124c117115634b2d055d8c97d0af19
  Nocilla: ae0a2b05f3087b473624ac2b25903695df51246a
  Quick: 13a2a2b19a5d8e3ed4fd0c36ee46597fd77ebf71
  Specta: ac94d110b865115fe60ff2c6d7281053c6f8e8a2

PODFILE CHECKSUM: 47db4ff587c477b5722d8791ed787d6b86ffa0b6

COCOAPODS: 1.0.1
