PODS:
  - Analytics (0.3.0):
    - Bugsnag
    - Chartbeat
    - Countly
    - CrittercismSDK
    - FlurrySDK
    - GoogleAnalytics-iOS-SDK
    - Localytics
    - Mixpanel
  - Bugsnag (2.2.3):
    - Reachability (~> 3.1)
  - Chartbeat (0.0.1)
  - Countly (1.0.0)
  - CrittercismSDK (3.5.1)
  - FlurrySDK (4.2.1)
  - GHUnitIOS (0.5.6)
  - GoogleAnalytics-iOS-SDK (2.0beta4)
  - Localytics (0.0.1)
  - Mixpanel (2.0.0)
  - Reachability (3.1.0)

DEPENDENCIES:
  - Analytics (from `../`)
  - GHUnitIOS (~> 0.5.6)

EXTERNAL SOURCES:
  Analytics:
    :path: ../

SPEC CHECKSUMS:
  Analytics: ab69b40940625a4d83169dd7249664580481880c
  Bugsnag: 91acf0c2f0f5c0a7b729869385597a29488d27ee
  Chartbeat: 0f2772641ee26e87af8fc93d8f14c5479e44a7ec
  Countly: 99c9734f8add2023ab954143ce8f9be6ff6b2e9e
  CrittercismSDK: 1cd30b0bb1448494da29539a1cf490475288d1d1
  FlurrySDK: ed65c2389c6028244cb0e57f31fe370cc1b17f22
  GHUnitIOS: bf149b2c44084eee2785ce4ac3675c3a699e509d
  GoogleAnalytics-iOS-SDK: ae8e58e771b6dec84c0047154cc0e550a15e6f54
  Localytics: 28e0d464dc098bbe41916010d26077275a104046
  Mixpanel: d456c27f7520e22784a15d0bcd9d5c287080b0cd
  Reachability: ba94ecd4eaa037be3d0588b38956672588530c5b

COCOAPODS: 0.20.1
