PODS:
  - Amplitude-iOS (2.2.4)
  - AppsFlyer-SDK (2.5.3.10)
  - Bugsnag (3.1.2)
  - Countly (1.0.0)
  - CrittercismSDK (5.0.5)
  - Expecta (0.3.1)
  - FlurrySDK (4.4.0):
    - FlurrySDK/FlurrySDK (= 4.4.0)
  - FlurrySDK/FlurrySDK (4.4.0)
  - GoogleAnalytics-iOS-SDK (3.10):
    - GoogleAnalytics-iOS-SDK/Core (= 3.10)
  - GoogleAnalytics-iOS-SDK/Core (3.10)
  - GoogleAnalytics-iOS-SDK/IDFA (3.10):
    - GoogleAnalytics-iOS-SDK/Core
  - Localytics (3.0.0)
  - Mixpanel (2.6.0):
    - Mixpanel/MPCategoryHelpers (= 2.6.0)
  - Mixpanel/MPCategoryHelpers (2.6.0)
  - OCMock (2.2.4)
  - Optimizely-iOS-SDK (1.0.75)
  - Quantcast-Measure (1.4.6):
    - Quantcast-Measure/Core (= 1.4.6)
  - Quantcast-Measure/Core (1.4.6)
  - Taplytics (2.1.26)
  - Tapstream (2.8.3)
  - TestFlightSDK (3.0.2)
  - TRVSDictionaryWithCaseInsensitivity (0.0.2)
  - TRVSKit/TRVSAssertions (0.0.9):
    - Expecta (~> 0.3.0)

DEPENDENCIES:
  - Amplitude-iOS (= 2.2.4)
  - AppsFlyer-SDK (= 2.5.3.10)
  - Bugsnag (= 3.1.2)
  - Countly (= 1.0.0)
  - CrittercismSDK (= 5.0.5)
  - Expecta (~> 0.3.0)
  - FlurrySDK (= 4.4.0)
  - GoogleAnalytics-iOS-SDK (= 3.10)
  - GoogleAnalytics-iOS-SDK/IDFA (= 3.10)
  - Localytics (= 3.0.0)
  - Mixpanel (= 2.6.0)
  - OCMock (~> 2.2.4)
  - Optimizely-iOS-SDK (= 1.0.75)
  - Quantcast-Measure (= 1.4.6)
  - Taplytics (= 2.1.26)
  - Tapstream (= 2.8.3)
  - TestFlightSDK (= 3.0.2)
  - TRVSDictionaryWithCaseInsensitivity (= 0.0.2)
  - TRVSKit/TRVSAssertions (~> 0.0.8)

SPEC CHECKSUMS:
  Amplitude-iOS: bef6d4d6a5bb7e37581f6aa9d72c275023fce9e3
  AppsFlyer-SDK: f83ad2e0821c57852512ea0bb8d3b207c64ef698
  Bugsnag: 74d109dfa41b55d16890c987c7551ca071afd3d2
  Countly: f26a3483a660b5790b2c76e1f91dea4f276b3c33
  CrittercismSDK: 0f3bfca5d5e7b11ba8042a119c7aeb32c034c3aa
  Expecta: 03aabd0a89d8dea843baecb19a7fd7466a69a31d
  FlurrySDK: abaedafc350afa41b004236b67ae14f7d3748b68
  GoogleAnalytics-iOS-SDK: f422062075d9ccb1ea8d783fc5ba3829461e9502
  Localytics: c42d816fd7bf4a770812a5af0d2e4a92bc6dcfdd
  Mixpanel: e919d14f07a34ee01f81f97e535b7a240af2f793
  OCMock: 6db79185520e24f9f299548f2b8b07e41d881bd5
  Optimizely-iOS-SDK: d602dca6021c35333242191914fc8c03b01833cb
  Quantcast-Measure: 82b2e0b81df7f59ee3f643551d4d79fa433f22ba
  Taplytics: 710dff05d81a9a7f03cb901e0253f00c659c5c52
  Tapstream: b2d949e963c393938697db68256ba70aadddb820
  TestFlightSDK: 0c24c533748d0d84bfe7a3cb6036fa79124d84ee
  TRVSDictionaryWithCaseInsensitivity: a61daa8469fa079e05b694f6aad5441785c837d1
  TRVSKit: fd946dbfb09de6bb75889e0f73c021a391e7594a

COCOAPODS: 0.36.0.beta.1
