{
  "object": {
    "pins": [
      {
        "package": "Analytics",
        "repositoryURL": "git@github.com:segmentio/analytics-ios.git",
        "state": {
          "branch": null,
          "revision": "ed0532b36e868c541d7641affcb940088976fa71",
          "version": "4.0.2"
        }
      }
    ]
  },
  "version": 1
}
