// !$*UTF8*$!
{
	archiveVersion = 1;
	classes = {
	};
	objectVersion = 50;
	objects = {

/* Begin PBXBuildFile section */
		37F5D2B4FE4FBC0478D58A15 /* Pods_AnalyticsSwiftExample.framework in Frameworks */ = {isa = PBXBuildFile; fileRef = D9B07ECA87729292F233C5C1 /* Pods_AnalyticsSwiftExample.framework */; };
		3DA4A3CB221391C60079D2EC /* AppDelegate.swift in Sources */ = {isa = PBXBuildFile; fileRef = 3DA4A3CA221391C60079D2EC /* AppDelegate.swift */; };
		3DA4A3CD221391C60079D2EC /* PrimaryViewController.swift in Sources */ = {isa = PBXBuildFile; fileRef = 3DA4A3CC221391C60079D2EC /* PrimaryViewController.swift */; };
		3DA4A3D0221391C60079D2EC /* Main.storyboard in Resources */ = {isa = PBXBuildFile; fileRef = 3DA4A3CE221391C60079D2EC /* Main.storyboard */; };
		3DA4A3D2221391C70079D2EC /* Assets.xcassets in Resources */ = {isa = PBXBuildFile; fileRef = 3DA4A3D1221391C70079D2EC /* Assets.xcassets */; };
		3DA4A3D5221391C70079D2EC /* LaunchScreen.storyboard in Resources */ = {isa = PBXBuildFile; fileRef = 3DA4A3D3221391C70079D2EC /* LaunchScreen.storyboard */; };
		3DA4A3DD22149CF40079D2EC /* PageViewController.swift in Sources */ = {isa = PBXBuildFile; fileRef = 3DA4A3DC22149CF40079D2EC /* PageViewController.swift */; };
		3DD487E02217974F00034F21 /* SecondaryViewController.swift in Sources */ = {isa = PBXBuildFile; fileRef = 3DD487DF2217974F00034F21 /* SecondaryViewController.swift */; };
/* End PBXBuildFile section */

/* Begin PBXCopyFilesBuildPhase section */
		3D31202A22177D3200359829 /* CopyFiles */ = {
			isa = PBXCopyFilesBuildPhase;
			buildActionMask = 2147483647;
			dstPath = "";
			dstSubfolderSpec = 10;
			files = (
			);
			runOnlyForDeploymentPostprocessing = 0;
		};
/* End PBXCopyFilesBuildPhase section */

/* Begin PBXFileReference section */
		3DA4A3C7221391C60079D2EC /* AnalyticsSwiftExample.app */ = {isa = PBXFileReference; explicitFileType = wrapper.application; includeInIndex = 0; path = AnalyticsSwiftExample.app; sourceTree = BUILT_PRODUCTS_DIR; };
		3DA4A3CA221391C60079D2EC /* AppDelegate.swift */ = {isa = PBXFileReference; lastKnownFileType = sourcecode.swift; path = AppDelegate.swift; sourceTree = "<group>"; };
		3DA4A3CC221391C60079D2EC /* PrimaryViewController.swift */ = {isa = PBXFileReference; lastKnownFileType = sourcecode.swift; path = PrimaryViewController.swift; sourceTree = "<group>"; };
		3DA4A3CF221391C60079D2EC /* Base */ = {isa = PBXFileReference; lastKnownFileType = file.storyboard; name = Base; path = Base.lproj/Main.storyboard; sourceTree = "<group>"; };
		3DA4A3D1221391C70079D2EC /* Assets.xcassets */ = {isa = PBXFileReference; lastKnownFileType = folder.assetcatalog; path = Assets.xcassets; sourceTree = "<group>"; };
		3DA4A3D4221391C70079D2EC /* Base */ = {isa = PBXFileReference; lastKnownFileType = file.storyboard; name = Base; path = Base.lproj/LaunchScreen.storyboard; sourceTree = "<group>"; };
		3DA4A3D6221391C70079D2EC /* Info.plist */ = {isa = PBXFileReference; lastKnownFileType = text.plist.xml; path = Info.plist; sourceTree = "<group>"; };
		3DA4A3DC22149CF40079D2EC /* PageViewController.swift */ = {isa = PBXFileReference; lastKnownFileType = sourcecode.swift; path = PageViewController.swift; sourceTree = "<group>"; };
		3DD487DF2217974F00034F21 /* SecondaryViewController.swift */ = {isa = PBXFileReference; lastKnownFileType = sourcecode.swift; path = SecondaryViewController.swift; sourceTree = "<group>"; };
		6341B75DEE8718E0F0255D9E /* Pods-AnalyticsSwiftExample.debug.xcconfig */ = {isa = PBXFileReference; includeInIndex = 1; lastKnownFileType = text.xcconfig; name = "Pods-AnalyticsSwiftExample.debug.xcconfig"; path = "Target Support Files/Pods-AnalyticsSwiftExample/Pods-AnalyticsSwiftExample.debug.xcconfig"; sourceTree = "<group>"; };
		CD3CC8C6C699CDACE7B36FD7 /* Pods-AnalyticsSwiftExample.release.xcconfig */ = {isa = PBXFileReference; includeInIndex = 1; lastKnownFileType = text.xcconfig; name = "Pods-AnalyticsSwiftExample.release.xcconfig"; path = "Target Support Files/Pods-AnalyticsSwiftExample/Pods-AnalyticsSwiftExample.release.xcconfig"; sourceTree = "<group>"; };
		D9B07ECA87729292F233C5C1 /* Pods_AnalyticsSwiftExample.framework */ = {isa = PBXFileReference; explicitFileType = wrapper.framework; includeInIndex = 0; path = Pods_AnalyticsSwiftExample.framework; sourceTree = BUILT_PRODUCTS_DIR; };
/* End PBXFileReference section */

/* Begin PBXFrameworksBuildPhase section */
		3DA4A3C4221391C60079D2EC /* Frameworks */ = {
			isa = PBXFrameworksBuildPhase;
			buildActionMask = 2147483647;
			files = (
				37F5D2B4FE4FBC0478D58A15 /* Pods_AnalyticsSwiftExample.framework in Frameworks */,
			);
			runOnlyForDeploymentPostprocessing = 0;
		};
/* End PBXFrameworksBuildPhase section */

/* Begin PBXGroup section */
		31C58BEA95103F5B0A0A6F03 /* Pods */ = {
			isa = PBXGroup;
			children = (
				6341B75DEE8718E0F0255D9E /* Pods-AnalyticsSwiftExample.debug.xcconfig */,
				CD3CC8C6C699CDACE7B36FD7 /* Pods-AnalyticsSwiftExample.release.xcconfig */,
			);
			path = Pods;
			sourceTree = "<group>";
		};
		3DA4A3BE221391C60079D2EC = {
			isa = PBXGroup;
			children = (
				3DA4A3C9221391C60079D2EC /* AnalyticsSwiftExample */,
				3DA4A3C8221391C60079D2EC /* Products */,
				31C58BEA95103F5B0A0A6F03 /* Pods */,
				593AFC573BFAA83D046AEFA0 /* Frameworks */,
			);
			sourceTree = "<group>";
		};
		3DA4A3C8221391C60079D2EC /* Products */ = {
			isa = PBXGroup;
			children = (
				3DA4A3C7221391C60079D2EC /* AnalyticsSwiftExample.app */,
			);
			name = Products;
			sourceTree = "<group>";
		};
		3DA4A3C9221391C60079D2EC /* AnalyticsSwiftExample */ = {
			isa = PBXGroup;
			children = (
				3DA4A3CA221391C60079D2EC /* AppDelegate.swift */,
				3DA4A3CC221391C60079D2EC /* PrimaryViewController.swift */,
				3DD487DF2217974F00034F21 /* SecondaryViewController.swift */,
				3DA4A3CE221391C60079D2EC /* Main.storyboard */,
				3DA4A3DC22149CF40079D2EC /* PageViewController.swift */,
				3DA4A3D1221391C70079D2EC /* Assets.xcassets */,
				3DA4A3D3221391C70079D2EC /* LaunchScreen.storyboard */,
				3DA4A3D6221391C70079D2EC /* Info.plist */,
			);
			path = AnalyticsSwiftExample;
			sourceTree = "<group>";
		};
		593AFC573BFAA83D046AEFA0 /* Frameworks */ = {
			isa = PBXGroup;
			children = (
				D9B07ECA87729292F233C5C1 /* Pods_AnalyticsSwiftExample.framework */,
			);
			name = Frameworks;
			sourceTree = "<group>";
		};
/* End PBXGroup section */

/* Begin PBXNativeTarget section */
		3DA4A3C6221391C60079D2EC /* AnalyticsSwiftExample */ = {
			isa = PBXNativeTarget;
			buildConfigurationList = 3DA4A3D9221391C70079D2EC /* Build configuration list for PBXNativeTarget "AnalyticsSwiftExample" */;
			buildPhases = (
				D30489553FF22790202F232F /* [CP] Check Pods Manifest.lock */,
				3DA4A3C3221391C60079D2EC /* Sources */,
				3DA4A3C4221391C60079D2EC /* Frameworks */,
				3DA4A3C5221391C60079D2EC /* Resources */,
				3D31202A22177D3200359829 /* CopyFiles */,
				34A1E599EEF0DA2D1917FCA6 /* [CP] Embed Pods Frameworks */,
			);
			buildRules = (
			);
			dependencies = (
			);
			name = AnalyticsSwiftExample;
			productName = AnalyticsSwiftExample;
			productReference = 3DA4A3C7221391C60079D2EC /* AnalyticsSwiftExample.app */;
			productType = "com.apple.product-type.application";
		};
/* End PBXNativeTarget section */

/* Begin PBXProject section */
		3DA4A3BF221391C60079D2EC /* Project object */ = {
			isa = PBXProject;
			attributes = {
				LastSwiftUpdateCheck = 1010;
				LastUpgradeCheck = 1010;
				ORGANIZATIONNAME = Segment;
				TargetAttributes = {
					3DA4A3C6221391C60079D2EC = {
						CreatedOnToolsVersion = 10.1;
					};
				};
			};
			buildConfigurationList = 3DA4A3C2221391C60079D2EC /* Build configuration list for PBXProject "AnalyticsSwiftExample" */;
			compatibilityVersion = "Xcode 9.3";
			developmentRegion = en;
			hasScannedForEncodings = 0;
			knownRegions = (
				en,
				Base,
			);
			mainGroup = 3DA4A3BE221391C60079D2EC;
			productRefGroup = 3DA4A3C8221391C60079D2EC /* Products */;
			projectDirPath = "";
			projectRoot = "";
			targets = (
				3DA4A3C6221391C60079D2EC /* AnalyticsSwiftExample */,
			);
		};
/* End PBXProject section */

/* Begin PBXResourcesBuildPhase section */
		3DA4A3C5221391C60079D2EC /* Resources */ = {
			isa = PBXResourcesBuildPhase;
			buildActionMask = 2147483647;
			files = (
				3DA4A3D5221391C70079D2EC /* LaunchScreen.storyboard in Resources */,
				3DA4A3D2221391C70079D2EC /* Assets.xcassets in Resources */,
				3DA4A3D0221391C60079D2EC /* Main.storyboard in Resources */,
			);
			runOnlyForDeploymentPostprocessing = 0;
		};
/* End PBXResourcesBuildPhase section */

/* Begin PBXShellScriptBuildPhase section */
		34A1E599EEF0DA2D1917FCA6 /* [CP] Embed Pods Frameworks */ = {
			isa = PBXShellScriptBuildPhase;
			buildActionMask = 2147483647;
			files = (
			);
			inputFileListPaths = (
			);
			inputPaths = (
				"${PODS_ROOT}/Target Support Files/Pods-AnalyticsSwiftExample/Pods-AnalyticsSwiftExample-frameworks.sh",
				"${BUILT_PRODUCTS_DIR}/Analytics/Analytics.framework",
			);
			name = "[CP] Embed Pods Frameworks";
			outputFileListPaths = (
			);
			outputPaths = (
				"${TARGET_BUILD_DIR}/${FRAMEWORKS_FOLDER_PATH}/Analytics.framework",
			);
			runOnlyForDeploymentPostprocessing = 0;
			shellPath = /bin/sh;
			shellScript = "\"${PODS_ROOT}/Target Support Files/Pods-AnalyticsSwiftExample/Pods-AnalyticsSwiftExample-frameworks.sh\"\n";
			showEnvVarsInLog = 0;
		};
		D30489553FF22790202F232F /* [CP] Check Pods Manifest.lock */ = {
			isa = PBXShellScriptBuildPhase;
			buildActionMask = 2147483647;
			files = (
			);
			inputFileListPaths = (
			);
			inputPaths = (
				"${PODS_PODFILE_DIR_PATH}/Podfile.lock",
				"${PODS_ROOT}/Manifest.lock",
			);
			name = "[CP] Check Pods Manifest.lock";
			outputFileListPaths = (
			);
			outputPaths = (
				"$(DERIVED_FILE_DIR)/Pods-AnalyticsSwiftExample-checkManifestLockResult.txt",
			);
			runOnlyForDeploymentPostprocessing = 0;
			shellPath = /bin/sh;
			shellScript = "diff \"${PODS_PODFILE_DIR_PATH}/Podfile.lock\" \"${PODS_ROOT}/Manifest.lock\" > /dev/null\nif [ $? != 0 ] ; then\n    # print error to STDERR\n    echo \"error: The sandbox is not in sync with the Podfile.lock. Run 'pod install' or update your CocoaPods installation.\" >&2\n    exit 1\nfi\n# This output is used by Xcode 'outputs' to avoid re-running this script phase.\necho \"SUCCESS\" > \"${SCRIPT_OUTPUT_FILE_0}\"\n";
			showEnvVarsInLog = 0;
		};
/* End PBXShellScriptBuildPhase section */

/* Begin PBXSourcesBuildPhase section */
		3DA4A3C3221391C60079D2EC /* Sources */ = {
			isa = PBXSourcesBuildPhase;
			buildActionMask = 2147483647;
			files = (
				3DA4A3DD22149CF40079D2EC /* PageViewController.swift in Sources */,
				3DA4A3CD221391C60079D2EC /* PrimaryViewController.swift in Sources */,
				3DA4A3CB221391C60079D2EC /* AppDelegate.swift in Sources */,
				3DD487E02217974F00034F21 /* SecondaryViewController.swift in Sources */,
			);
			runOnlyForDeploymentPostprocessing = 0;
		};
/* End PBXSourcesBuildPhase section */

/* Begin PBXVariantGroup section */
		3DA4A3CE221391C60079D2EC /* Main.storyboard */ = {
			isa = PBXVariantGroup;
			children = (
				3DA4A3CF221391C60079D2EC /* Base */,
			);
			name = Main.storyboard;
			sourceTree = "<group>";
		};
		3DA4A3D3221391C70079D2EC /* LaunchScreen.storyboard */ = {
			isa = PBXVariantGroup;
			children = (
				3DA4A3D4221391C70079D2EC /* Base */,
			);
			name = LaunchScreen.storyboard;
			sourceTree = "<group>";
		};
/* End PBXVariantGroup section */

/* Begin XCBuildConfiguration section */
		3DA4A3D7221391C70079D2EC /* Debug */ = {
			isa = XCBuildConfiguration;
			buildSettings = {
				ALWAYS_SEARCH_USER_PATHS = NO;
				CLANG_ANALYZER_NONNULL = YES;
				CLANG_ANALYZER_NUMBER_OBJECT_CONVERSION = YES_AGGRESSIVE;
				CLANG_CXX_LANGUAGE_STANDARD = "gnu++14";
				CLANG_CXX_LIBRARY = "libc++";
				CLANG_ENABLE_MODULES = YES;
				CLANG_ENABLE_OBJC_ARC = YES;
				CLANG_ENABLE_OBJC_WEAK = YES;
				CLANG_WARN_BLOCK_CAPTURE_AUTORELEASING = YES;
				CLANG_WARN_BOOL_CONVERSION = YES;
				CLANG_WARN_COMMA = YES;
				CLANG_WARN_CONSTANT_CONVERSION = YES;
				CLANG_WARN_DEPRECATED_OBJC_IMPLEMENTATIONS = YES;
				CLANG_WARN_DIRECT_OBJC_ISA_USAGE = YES_ERROR;
				CLANG_WARN_DOCUMENTATION_COMMENTS = YES;
				CLANG_WARN_EMPTY_BODY = YES;
				CLANG_WARN_ENUM_CONVERSION = YES;
				CLANG_WARN_INFINITE_RECURSION = YES;
				CLANG_WARN_INT_CONVERSION = YES;
				CLANG_WARN_NON_LITERAL_NULL_CONVERSION = YES;
				CLANG_WARN_OBJC_IMPLICIT_RETAIN_SELF = YES;
				CLANG_WARN_OBJC_LITERAL_CONVERSION = YES;
				CLANG_WARN_OBJC_ROOT_CLASS = YES_ERROR;
				CLANG_WARN_RANGE_LOOP_ANALYSIS = YES;
				CLANG_WARN_STRICT_PROTOTYPES = YES;
				CLANG_WARN_SUSPICIOUS_MOVE = YES;
				CLANG_WARN_UNGUARDED_AVAILABILITY = YES_AGGRESSIVE;
				CLANG_WARN_UNREACHABLE_CODE = YES;
				CLANG_WARN__DUPLICATE_METHOD_MATCH = YES;
				CODE_SIGN_IDENTITY = "iPhone Developer";
				COPY_PHASE_STRIP = NO;
				DEBUG_INFORMATION_FORMAT = dwarf;
				ENABLE_STRICT_OBJC_MSGSEND = YES;
				ENABLE_TESTABILITY = YES;
				GCC_C_LANGUAGE_STANDARD = gnu11;
				GCC_DYNAMIC_NO_PIC = NO;
				GCC_NO_COMMON_BLOCKS = YES;
				GCC_OPTIMIZATION_LEVEL = 0;
				GCC_PREPROCESSOR_DEFINITIONS = (
					"DEBUG=1",
					"$(inherited)",
				);
				GCC_WARN_64_TO_32_BIT_CONVERSION = YES;
				GCC_WARN_ABOUT_RETURN_TYPE = YES_ERROR;
				GCC_WARN_UNDECLARED_SELECTOR = YES;
				GCC_WARN_UNINITIALIZED_AUTOS = YES_AGGRESSIVE;
				GCC_WARN_UNUSED_FUNCTION = YES;
				GCC_WARN_UNUSED_VARIABLE = YES;
				IPHONEOS_DEPLOYMENT_TARGET = 12.1;
				MTL_ENABLE_DEBUG_INFO = INCLUDE_SOURCE;
				MTL_FAST_MATH = YES;
				ONLY_ACTIVE_ARCH = YES;
				SDKROOT = iphoneos;
				SWIFT_ACTIVE_COMPILATION_CONDITIONS = DEBUG;
				SWIFT_OPTIMIZATION_LEVEL = "-Onone";
			};
			name = Debug;
		};
		3DA4A3D8221391C70079D2EC /* Release */ = {
			isa = XCBuildConfiguration;
			buildSettings = {
				ALWAYS_SEARCH_USER_PATHS = NO;
				CLANG_ANALYZER_NONNULL = YES;
				CLANG_ANALYZER_NUMBER_OBJECT_CONVERSION = YES_AGGRESSIVE;
				CLANG_CXX_LANGUAGE_STANDARD = "gnu++14";
				CLANG_CXX_LIBRARY = "libc++";
				CLANG_ENABLE_MODULES = YES;
				CLANG_ENABLE_OBJC_ARC = YES;
				CLANG_ENABLE_OBJC_WEAK = YES;
				CLANG_WARN_BLOCK_CAPTURE_AUTORELEASING = YES;
				CLANG_WARN_BOOL_CONVERSION = YES;
				CLANG_WARN_COMMA = YES;
				CLANG_WARN_CONSTANT_CONVERSION = YES;
				CLANG_WARN_DEPRECATED_OBJC_IMPLEMENTATIONS = YES;
				CLANG_WARN_DIRECT_OBJC_ISA_USAGE = YES_ERROR;
				CLANG_WARN_DOCUMENTATION_COMMENTS = YES;
				CLANG_WARN_EMPTY_BODY = YES;
				CLANG_WARN_ENUM_CONVERSION = YES;
				CLANG_WARN_INFINITE_RECURSION = YES;
				CLANG_WARN_INT_CONVERSION = YES;
				CLANG_WARN_NON_LITERAL_NULL_CONVERSION = YES;
				CLANG_WARN_OBJC_IMPLICIT_RETAIN_SELF = YES;
				CLANG_WARN_OBJC_LITERAL_CONVERSION = YES;
				CLANG_WARN_OBJC_ROOT_CLASS = YES_ERROR;
				CLANG_WARN_RANGE_LOOP_ANALYSIS = YES;
				CLANG_WARN_STRICT_PROTOTYPES = YES;
				CLANG_WARN_SUSPICIOUS_MOVE = YES;
				CLANG_WARN_UNGUARDED_AVAILABILITY = YES_AGGRESSIVE;
				CLANG_WARN_UNREACHABLE_CODE = YES;
				CLANG_WARN__DUPLICATE_METHOD_MATCH = YES;
				CODE_SIGN_IDENTITY = "iPhone Developer";
				COPY_PHASE_STRIP = NO;
				DEBUG_INFORMATION_FORMAT = "dwarf-with-dsym";
				ENABLE_NS_ASSERTIONS = NO;
				ENABLE_STRICT_OBJC_MSGSEND = YES;
				GCC_C_LANGUAGE_STANDARD = gnu11;
				GCC_NO_COMMON_BLOCKS = YES;
				GCC_WARN_64_TO_32_BIT_CONVERSION = YES;
				GCC_WARN_ABOUT_RETURN_TYPE = YES_ERROR;
				GCC_WARN_UNDECLARED_SELECTOR = YES;
				GCC_WARN_UNINITIALIZED_AUTOS = YES_AGGRESSIVE;
				GCC_WARN_UNUSED_FUNCTION = YES;
				GCC_WARN_UNUSED_VARIABLE = YES;
				IPHONEOS_DEPLOYMENT_TARGET = 12.1;
				MTL_ENABLE_DEBUG_INFO = NO;
				MTL_FAST_MATH = YES;
				SDKROOT = iphoneos;
				SWIFT_COMPILATION_MODE = wholemodule;
				SWIFT_OPTIMIZATION_LEVEL = "-O";
				VALIDATE_PRODUCT = YES;
			};
			name = Release;
		};
		3DA4A3DA221391C70079D2EC /* Debug */ = {
			isa = XCBuildConfiguration;
			baseConfigurationReference = 6341B75DEE8718E0F0255D9E /* Pods-AnalyticsSwiftExample.debug.xcconfig */;
			buildSettings = {
				ASSETCATALOG_COMPILER_APPICON_NAME = AppIcon;
				CODE_SIGN_STYLE = Automatic;
				INFOPLIST_FILE = AnalyticsSwiftExample/Info.plist;
				LD_RUNPATH_SEARCH_PATHS = (
					"$(inherited)",
					"@executable_path/Frameworks",
				);
				PRODUCT_BUNDLE_IDENTIFIER = AnalyticsSwiftExample.AnalyticsSwiftExample;
				PRODUCT_NAME = "$(TARGET_NAME)";
				SWIFT_VERSION = 4.2;
				TARGETED_DEVICE_FAMILY = "1,2";
			};
			name = Debug;
		};
		3DA4A3DB221391C70079D2EC /* Release */ = {
			isa = XCBuildConfiguration;
			baseConfigurationReference = CD3CC8C6C699CDACE7B36FD7 /* Pods-AnalyticsSwiftExample.release.xcconfig */;
			buildSettings = {
				ASSETCATALOG_COMPILER_APPICON_NAME = AppIcon;
				CODE_SIGN_STYLE = Automatic;
				INFOPLIST_FILE = AnalyticsSwiftExample/Info.plist;
				LD_RUNPATH_SEARCH_PATHS = (
					"$(inherited)",
					"@executable_path/Frameworks",
				);
				PRODUCT_BUNDLE_IDENTIFIER = AnalyticsSwiftExample.AnalyticsSwiftExample;
				PRODUCT_NAME = "$(TARGET_NAME)";
				SWIFT_VERSION = 4.2;
				TARGETED_DEVICE_FAMILY = "1,2";
			};
			name = Release;
		};
/* End XCBuildConfiguration section */

/* Begin XCConfigurationList section */
		3DA4A3C2221391C60079D2EC /* Build configuration list for PBXProject "AnalyticsSwiftExample" */ = {
			isa = XCConfigurationList;
			buildConfigurations = (
				3DA4A3D7221391C70079D2EC /* Debug */,
				3DA4A3D8221391C70079D2EC /* Release */,
			);
			defaultConfigurationIsVisible = 0;
			defaultConfigurationName = Release;
		};
		3DA4A3D9221391C70079D2EC /* Build configuration list for PBXNativeTarget "AnalyticsSwiftExample" */ = {
			isa = XCConfigurationList;
			buildConfigurations = (
				3DA4A3DA221391C70079D2EC /* Debug */,
				3DA4A3DB221391C70079D2EC /* Release */,
			);
			defaultConfigurationIsVisible = 0;
			defaultConfigurationName = Release;
		};
/* End XCConfigurationList section */
	};
	rootObject = 3DA4A3BF221391C60079D2EC /* Project object */;
}
