// !$*UTF8*$!
{
	archiveVersion = 1;
	classes = {
	};
	objectVersion = 46;
	objects = {

/* Begin PBXBuildFile section */
		0A7CE6C515F550C900E7A553 /* UIKit.framework in Frameworks */ = {isa = PBXBuildFile; fileRef = 0A7CE6C415F550C900E7A553 /* UIKit.framework */; };
		0A7CE6C715F550C900E7A553 /* Foundation.framework in Frameworks */ = {isa = PBXBuildFile; fileRef = 0A7CE6C615F550C900E7A553 /* Foundation.framework */; };
		0A7CE6C915F550C900E7A553 /* CoreGraphics.framework in Frameworks */ = {isa = PBXBuildFile; fileRef = 0A7CE6C815F550C900E7A553 /* CoreGraphics.framework */; };
		0A7CE6CF15F550C900E7A553 /* InfoPlist.strings in Resources */ = {isa = PBXBuildFile; fileRef = 0A7CE6CD15F550C900E7A553 /* InfoPlist.strings */; };
		0A7CE6D115F550C900E7A553 /* main.m in Sources */ = {isa = PBXBuildFile; fileRef = 0A7CE6D015F550C900E7A553 /* main.m */; };
		0A7CE6D515F550C900E7A553 /* AppDelegate.m in Sources */ = {isa = PBXBuildFile; fileRef = 0A7CE6D415F550C900E7A553 /* AppDelegate.m */; };
		0A7CE6D815F550C900E7A553 /* ViewController.m in Sources */ = {isa = PBXBuildFile; fileRef = 0A7CE6D715F550C900E7A553 /* ViewController.m */; };
		0A7CE6DB15F550C900E7A553 /* ViewController.xib in Resources */ = {isa = PBXBuildFile; fileRef = 0A7CE6D915F550C900E7A553 /* ViewController.xib */; };
		0A7CE6E215F5517500E7A553 /* CoreLocation.framework in Frameworks */ = {isa = PBXBuildFile; fileRef = 0A7CE6E115F5517500E7A553 /* CoreLocation.framework */; };
		0A7CE6E415F5518100E7A553 /* MapKit.framework in Frameworks */ = {isa = PBXBuildFile; fileRef = 0A7CE6E315F5518100E7A553 /* MapKit.framework */; };
		0A7CE6E615F55DDA00E7A553 /* regions.plist in Resources */ = {isa = PBXBuildFile; fileRef = 0A7CE6E515F55DDA00E7A553 /* regions.plist */; };
		0AAC998415F58B45003D1420 /* DemoStart.gpx in Resources */ = {isa = PBXBuildFile; fileRef = 0AAC997E15F58B45003D1420 /* DemoStart.gpx */; };
		0AAC998515F58B45003D1420 /* WalkToMilleniumPark.gpx in Resources */ = {isa = PBXBuildFile; fileRef = 0AAC997F15F58B45003D1420 /* WalkToMilleniumPark.gpx */; };
		0AAC998A15F58B7D003D1420 /* Icon.png in Resources */ = {isa = PBXBuildFile; fileRef = 0AAC998915F58B7D003D1420 /* Icon.png */; };
		0AAC998C15F58B89003D1420 /* Icon@2x.png in Resources */ = {isa = PBXBuildFile; fileRef = 0AAC998B15F58B89003D1420 /* Icon@2x.png */; };
		D3D7E71B1883158800378AE7 /* CoreData.framework in Frameworks */ = {isa = PBXBuildFile; fileRef = D3D7E71A1883158800378AE7 /* CoreData.framework */; };
		D3D7E71D1883158E00378AE7 /* Security.framework in Frameworks */ = {isa = PBXBuildFile; fileRef = D3D7E71C1883158E00378AE7 /* Security.framework */; };
		D3D7E71F1883159500378AE7 /* SystemConfiguration.framework in Frameworks */ = {isa = PBXBuildFile; fileRef = D3D7E71E1883159500378AE7 /* SystemConfiguration.framework */; };
		D3D7E7211883159D00378AE7 /* CoreTelephony.framework in Frameworks */ = {isa = PBXBuildFile; fileRef = D3D7E7201883159D00378AE7 /* CoreTelephony.framework */; };
		D3D7E723188315A700378AE7 /* QuartzCore.framework in Frameworks */ = {isa = PBXBuildFile; fileRef = D3D7E722188315A700378AE7 /* QuartzCore.framework */; };
		D3D7E725188315AC00378AE7 /* AdSupport.framework in Frameworks */ = {isa = PBXBuildFile; fileRef = D3D7E724188315AC00378AE7 /* AdSupport.framework */; };
		D3D7E727188315B300378AE7 /* libsqlite3.dylib in Frameworks */ = {isa = PBXBuildFile; fileRef = D3D7E726188315B300378AE7 /* libsqlite3.dylib */; };
		D3D7E729188315B700378AE7 /* libz.dylib in Frameworks */ = {isa = PBXBuildFile; fileRef = D3D7E728188315B700378AE7 /* libz.dylib */; };
		D3E37D241885083F003308A3 /* Analytics.framework in Frameworks */ = {isa = PBXBuildFile; fileRef = D3E37D231885083F003308A3 /* Analytics.framework */; };
/* End PBXBuildFile section */

/* Begin PBXFileReference section */
		0A7CE6C015F550C900E7A553 /* geofencedemo.app */ = {isa = PBXFileReference; explicitFileType = wrapper.application; includeInIndex = 0; path = geofencedemo.app; sourceTree = BUILT_PRODUCTS_DIR; };
		0A7CE6C415F550C900E7A553 /* UIKit.framework */ = {isa = PBXFileReference; lastKnownFileType = wrapper.framework; name = UIKit.framework; path = System/Library/Frameworks/UIKit.framework; sourceTree = SDKROOT; };
		0A7CE6C615F550C900E7A553 /* Foundation.framework */ = {isa = PBXFileReference; lastKnownFileType = wrapper.framework; name = Foundation.framework; path = System/Library/Frameworks/Foundation.framework; sourceTree = SDKROOT; };
		0A7CE6C815F550C900E7A553 /* CoreGraphics.framework */ = {isa = PBXFileReference; lastKnownFileType = wrapper.framework; name = CoreGraphics.framework; path = System/Library/Frameworks/CoreGraphics.framework; sourceTree = SDKROOT; };
		0A7CE6CC15F550C900E7A553 /* geofencedemo-Info.plist */ = {isa = PBXFileReference; lastKnownFileType = text.plist.xml; path = "geofencedemo-Info.plist"; sourceTree = "<group>"; };
		0A7CE6CE15F550C900E7A553 /* en */ = {isa = PBXFileReference; lastKnownFileType = text.plist.strings; name = en; path = en.lproj/InfoPlist.strings; sourceTree = "<group>"; };
		0A7CE6D015F550C900E7A553 /* main.m */ = {isa = PBXFileReference; lastKnownFileType = sourcecode.c.objc; path = main.m; sourceTree = "<group>"; };
		0A7CE6D215F550C900E7A553 /* geofencedemo-Prefix.pch */ = {isa = PBXFileReference; lastKnownFileType = sourcecode.c.h; path = "geofencedemo-Prefix.pch"; sourceTree = "<group>"; };
		0A7CE6D315F550C900E7A553 /* AppDelegate.h */ = {isa = PBXFileReference; lastKnownFileType = sourcecode.c.h; path = AppDelegate.h; sourceTree = "<group>"; };
		0A7CE6D415F550C900E7A553 /* AppDelegate.m */ = {isa = PBXFileReference; lastKnownFileType = sourcecode.c.objc; path = AppDelegate.m; sourceTree = "<group>"; };
		0A7CE6D615F550C900E7A553 /* ViewController.h */ = {isa = PBXFileReference; lastKnownFileType = sourcecode.c.h; path = ViewController.h; sourceTree = "<group>"; };
		0A7CE6D715F550C900E7A553 /* ViewController.m */ = {isa = PBXFileReference; lastKnownFileType = sourcecode.c.objc; path = ViewController.m; sourceTree = "<group>"; };
		0A7CE6DA15F550C900E7A553 /* en */ = {isa = PBXFileReference; lastKnownFileType = file.xib; name = en; path = en.lproj/ViewController.xib; sourceTree = "<group>"; };
		0A7CE6E115F5517500E7A553 /* CoreLocation.framework */ = {isa = PBXFileReference; lastKnownFileType = wrapper.framework; name = CoreLocation.framework; path = System/Library/Frameworks/CoreLocation.framework; sourceTree = SDKROOT; };
		0A7CE6E315F5518100E7A553 /* MapKit.framework */ = {isa = PBXFileReference; lastKnownFileType = wrapper.framework; name = MapKit.framework; path = System/Library/Frameworks/MapKit.framework; sourceTree = SDKROOT; };
		0A7CE6E515F55DDA00E7A553 /* regions.plist */ = {isa = PBXFileReference; fileEncoding = 4; lastKnownFileType = text.plist.xml; path = regions.plist; sourceTree = "<group>"; };
		0AAC997915F58A0F003D1420 /* UnitedCenter.gpx */ = {isa = PBXFileReference; lastKnownFileType = text.xml; name = UnitedCenter.gpx; path = GPX/UnitedCenter.gpx; sourceTree = "<group>"; };
		0AAC997E15F58B45003D1420 /* DemoStart.gpx */ = {isa = PBXFileReference; fileEncoding = 4; lastKnownFileType = text.xml; path = DemoStart.gpx; sourceTree = "<group>"; };
		0AAC997F15F58B45003D1420 /* WalkToMilleniumPark.gpx */ = {isa = PBXFileReference; fileEncoding = 4; lastKnownFileType = text.xml; path = WalkToMilleniumPark.gpx; sourceTree = "<group>"; };
		0AAC998915F58B7D003D1420 /* Icon.png */ = {isa = PBXFileReference; lastKnownFileType = image.png; path = Icon.png; sourceTree = "<group>"; };
		0AAC998B15F58B89003D1420 /* Icon@2x.png */ = {isa = PBXFileReference; lastKnownFileType = image.png; path = "Icon@2x.png"; sourceTree = "<group>"; };
		0AAC998D15F58C13003D1420 /* ChicagoTheater.gpx */ = {isa = PBXFileReference; lastKnownFileType = text.xml; path = ChicagoTheater.gpx; sourceTree = "<group>"; };
		0AAC998E15F590B3003D1420 /* WillisTower.gpx */ = {isa = PBXFileReference; lastKnownFileType = text.xml; path = WillisTower.gpx; sourceTree = "<group>"; };
		0AAC998F15F59107003D1420 /* LincolnParkZoo.gpx */ = {isa = PBXFileReference; lastKnownFileType = text.xml; path = LincolnParkZoo.gpx; sourceTree = "<group>"; };
		D3D7E71A1883158800378AE7 /* CoreData.framework */ = {isa = PBXFileReference; lastKnownFileType = wrapper.framework; name = CoreData.framework; path = System/Library/Frameworks/CoreData.framework; sourceTree = SDKROOT; };
		D3D7E71C1883158E00378AE7 /* Security.framework */ = {isa = PBXFileReference; lastKnownFileType = wrapper.framework; name = Security.framework; path = System/Library/Frameworks/Security.framework; sourceTree = SDKROOT; };
		D3D7E71E1883159500378AE7 /* SystemConfiguration.framework */ = {isa = PBXFileReference; lastKnownFileType = wrapper.framework; name = SystemConfiguration.framework; path = System/Library/Frameworks/SystemConfiguration.framework; sourceTree = SDKROOT; };
		D3D7E7201883159D00378AE7 /* CoreTelephony.framework */ = {isa = PBXFileReference; lastKnownFileType = wrapper.framework; name = CoreTelephony.framework; path = System/Library/Frameworks/CoreTelephony.framework; sourceTree = SDKROOT; };
		D3D7E722188315A700378AE7 /* QuartzCore.framework */ = {isa = PBXFileReference; lastKnownFileType = wrapper.framework; name = QuartzCore.framework; path = System/Library/Frameworks/QuartzCore.framework; sourceTree = SDKROOT; };
		D3D7E724188315AC00378AE7 /* AdSupport.framework */ = {isa = PBXFileReference; lastKnownFileType = wrapper.framework; name = AdSupport.framework; path = System/Library/Frameworks/AdSupport.framework; sourceTree = SDKROOT; };
		D3D7E726188315B300378AE7 /* libsqlite3.dylib */ = {isa = PBXFileReference; lastKnownFileType = "compiled.mach-o.dylib"; name = libsqlite3.dylib; path = usr/lib/libsqlite3.dylib; sourceTree = SDKROOT; };
		D3D7E728188315B700378AE7 /* libz.dylib */ = {isa = PBXFileReference; lastKnownFileType = "compiled.mach-o.dylib"; name = libz.dylib; path = usr/lib/libz.dylib; sourceTree = SDKROOT; };
		D3E37D231885083F003308A3 /* Analytics.framework */ = {isa = PBXFileReference; lastKnownFileType = wrapper.framework; path = Analytics.framework; sourceTree = "<group>"; };
/* End PBXFileReference section */

/* Begin PBXFrameworksBuildPhase section */
		0A7CE6BD15F550C900E7A553 /* Frameworks */ = {
			isa = PBXFrameworksBuildPhase;
			buildActionMask = 2147483647;
			files = (
				D3D7E729188315B700378AE7 /* libz.dylib in Frameworks */,
				D3D7E727188315B300378AE7 /* libsqlite3.dylib in Frameworks */,
				D3D7E725188315AC00378AE7 /* AdSupport.framework in Frameworks */,
				D3E37D241885083F003308A3 /* Analytics.framework in Frameworks */,
				D3D7E723188315A700378AE7 /* QuartzCore.framework in Frameworks */,
				0A7CE6C515F550C900E7A553 /* UIKit.framework in Frameworks */,
				D3D7E7211883159D00378AE7 /* CoreTelephony.framework in Frameworks */,
				D3D7E71F1883159500378AE7 /* SystemConfiguration.framework in Frameworks */,
				D3D7E71D1883158E00378AE7 /* Security.framework in Frameworks */,
				D3D7E71B1883158800378AE7 /* CoreData.framework in Frameworks */,
				0A7CE6C715F550C900E7A553 /* Foundation.framework in Frameworks */,
				0A7CE6E415F5518100E7A553 /* MapKit.framework in Frameworks */,
				0A7CE6E215F5517500E7A553 /* CoreLocation.framework in Frameworks */,
				0A7CE6C915F550C900E7A553 /* CoreGraphics.framework in Frameworks */,
			);
			runOnlyForDeploymentPostprocessing = 0;
		};
/* End PBXFrameworksBuildPhase section */

/* Begin PBXGroup section */
		0A7CE6B515F550C900E7A553 = {
			isa = PBXGroup;
			children = (
				0AAC998B15F58B89003D1420 /* Icon@2x.png */,
				0AAC998915F58B7D003D1420 /* Icon.png */,
				0A7CE6CA15F550C900E7A553 /* geofencedemo */,
				0A7CE6C315F550C900E7A553 /* Frameworks */,
				0A7CE6C115F550C900E7A553 /* Products */,
			);
			sourceTree = "<group>";
		};
		0A7CE6C115F550C900E7A553 /* Products */ = {
			isa = PBXGroup;
			children = (
				0A7CE6C015F550C900E7A553 /* geofencedemo.app */,
			);
			name = Products;
			sourceTree = "<group>";
		};
		0A7CE6C315F550C900E7A553 /* Frameworks */ = {
			isa = PBXGroup;
			children = (
				D3E37D231885083F003308A3 /* Analytics.framework */,
				D3D7E728188315B700378AE7 /* libz.dylib */,
				D3D7E726188315B300378AE7 /* libsqlite3.dylib */,
				D3D7E724188315AC00378AE7 /* AdSupport.framework */,
				D3D7E722188315A700378AE7 /* QuartzCore.framework */,
				D3D7E7201883159D00378AE7 /* CoreTelephony.framework */,
				D3D7E71E1883159500378AE7 /* SystemConfiguration.framework */,
				D3D7E71C1883158E00378AE7 /* Security.framework */,
				D3D7E71A1883158800378AE7 /* CoreData.framework */,
				0A7CE6E315F5518100E7A553 /* MapKit.framework */,
				0A7CE6E115F5517500E7A553 /* CoreLocation.framework */,
				0A7CE6C415F550C900E7A553 /* UIKit.framework */,
				0A7CE6C615F550C900E7A553 /* Foundation.framework */,
				0A7CE6C815F550C900E7A553 /* CoreGraphics.framework */,
			);
			name = Frameworks;
			sourceTree = "<group>";
		};
		0A7CE6CA15F550C900E7A553 /* geofencedemo */ = {
			isa = PBXGroup;
			children = (
				0AAC997B15F58AED003D1420 /* GPX */,
				0A7CE6D315F550C900E7A553 /* AppDelegate.h */,
				0A7CE6D415F550C900E7A553 /* AppDelegate.m */,
				0A7CE6D615F550C900E7A553 /* ViewController.h */,
				0A7CE6D715F550C900E7A553 /* ViewController.m */,
				0A7CE6D915F550C900E7A553 /* ViewController.xib */,
				0A7CE6CB15F550C900E7A553 /* Supporting Files */,
			);
			path = geofencedemo;
			sourceTree = "<group>";
		};
		0A7CE6CB15F550C900E7A553 /* Supporting Files */ = {
			isa = PBXGroup;
			children = (
				0A7CE6CC15F550C900E7A553 /* geofencedemo-Info.plist */,
				0A7CE6CD15F550C900E7A553 /* InfoPlist.strings */,
				0A7CE6D015F550C900E7A553 /* main.m */,
				0A7CE6D215F550C900E7A553 /* geofencedemo-Prefix.pch */,
				0A7CE6E515F55DDA00E7A553 /* regions.plist */,
			);
			name = "Supporting Files";
			sourceTree = "<group>";
		};
		0AAC997B15F58AED003D1420 /* GPX */ = {
			isa = PBXGroup;
			children = (
				0AAC997E15F58B45003D1420 /* DemoStart.gpx */,
				0AAC997F15F58B45003D1420 /* WalkToMilleniumPark.gpx */,
				0AAC997915F58A0F003D1420 /* UnitedCenter.gpx */,
				0AAC998D15F58C13003D1420 /* ChicagoTheater.gpx */,
				0AAC998E15F590B3003D1420 /* WillisTower.gpx */,
				0AAC998F15F59107003D1420 /* LincolnParkZoo.gpx */,
			);
			name = GPX;
			sourceTree = "<group>";
		};
/* End PBXGroup section */

/* Begin PBXNativeTarget section */
		0A7CE6BF15F550C900E7A553 /* geofencedemo */ = {
			isa = PBXNativeTarget;
			buildConfigurationList = 0A7CE6DE15F550C900E7A553 /* Build configuration list for PBXNativeTarget "geofencedemo" */;
			buildPhases = (
				0A7CE6BC15F550C900E7A553 /* Sources */,
				0A7CE6BD15F550C900E7A553 /* Frameworks */,
				0A7CE6BE15F550C900E7A553 /* Resources */,
			);
			buildRules = (
			);
			dependencies = (
			);
			name = geofencedemo;
			productName = geofencedemo;
			productReference = 0A7CE6C015F550C900E7A553 /* geofencedemo.app */;
			productType = "com.apple.product-type.application";
		};
/* End PBXNativeTarget section */

/* Begin PBXProject section */
		0A7CE6B715F550C900E7A553 /* Project object */ = {
			isa = PBXProject;
			attributes = {
				LastUpgradeCheck = 0440;
				ORGANIZATIONNAME = "Kevin McMahon";
			};
			buildConfigurationList = 0A7CE6BA15F550C900E7A553 /* Build configuration list for PBXProject "geofencedemo" */;
			compatibilityVersion = "Xcode 3.2";
			developmentRegion = English;
			hasScannedForEncodings = 0;
			knownRegions = (
				en,
			);
			mainGroup = 0A7CE6B515F550C900E7A553;
			productRefGroup = 0A7CE6C115F550C900E7A553 /* Products */;
			projectDirPath = "";
			projectRoot = "";
			targets = (
				0A7CE6BF15F550C900E7A553 /* geofencedemo */,
			);
		};
/* End PBXProject section */

/* Begin PBXResourcesBuildPhase section */
		0A7CE6BE15F550C900E7A553 /* Resources */ = {
			isa = PBXResourcesBuildPhase;
			buildActionMask = 2147483647;
			files = (
				0A7CE6CF15F550C900E7A553 /* InfoPlist.strings in Resources */,
				0A7CE6DB15F550C900E7A553 /* ViewController.xib in Resources */,
				0A7CE6E615F55DDA00E7A553 /* regions.plist in Resources */,
				0AAC998415F58B45003D1420 /* DemoStart.gpx in Resources */,
				0AAC998515F58B45003D1420 /* WalkToMilleniumPark.gpx in Resources */,
				0AAC998A15F58B7D003D1420 /* Icon.png in Resources */,
				0AAC998C15F58B89003D1420 /* Icon@2x.png in Resources */,
			);
			runOnlyForDeploymentPostprocessing = 0;
		};
/* End PBXResourcesBuildPhase section */

/* Begin PBXSourcesBuildPhase section */
		0A7CE6BC15F550C900E7A553 /* Sources */ = {
			isa = PBXSourcesBuildPhase;
			buildActionMask = 2147483647;
			files = (
				0A7CE6D115F550C900E7A553 /* main.m in Sources */,
				0A7CE6D515F550C900E7A553 /* AppDelegate.m in Sources */,
				0A7CE6D815F550C900E7A553 /* ViewController.m in Sources */,
			);
			runOnlyForDeploymentPostprocessing = 0;
		};
/* End PBXSourcesBuildPhase section */

/* Begin PBXVariantGroup section */
		0A7CE6CD15F550C900E7A553 /* InfoPlist.strings */ = {
			isa = PBXVariantGroup;
			children = (
				0A7CE6CE15F550C900E7A553 /* en */,
			);
			name = InfoPlist.strings;
			sourceTree = "<group>";
		};
		0A7CE6D915F550C900E7A553 /* ViewController.xib */ = {
			isa = PBXVariantGroup;
			children = (
				0A7CE6DA15F550C900E7A553 /* en */,
			);
			name = ViewController.xib;
			sourceTree = "<group>";
		};
/* End PBXVariantGroup section */

/* Begin XCBuildConfiguration section */
		0A7CE6DC15F550C900E7A553 /* Debug */ = {
			isa = XCBuildConfiguration;
			buildSettings = {
				ALWAYS_SEARCH_USER_PATHS = NO;
				ARCHS = "$(ARCHS_STANDARD_32_BIT)";
				CLANG_CXX_LANGUAGE_STANDARD = "gnu++0x";
				CLANG_ENABLE_OBJC_ARC = YES;
				CLANG_WARN__DUPLICATE_METHOD_MATCH = YES;
				"CODE_SIGN_IDENTITY[sdk=iphoneos*]" = "iPhone Developer";
				COPY_PHASE_STRIP = NO;
				GCC_C_LANGUAGE_STANDARD = gnu99;
				GCC_DYNAMIC_NO_PIC = NO;
				GCC_OPTIMIZATION_LEVEL = 0;
				GCC_PREPROCESSOR_DEFINITIONS = (
					"DEBUG=1",
					"$(inherited)",
				);
				GCC_SYMBOLS_PRIVATE_EXTERN = NO;
				GCC_VERSION = com.apple.compilers.llvm.clang.1_0;
				GCC_WARN_ABOUT_RETURN_TYPE = YES;
				GCC_WARN_UNINITIALIZED_AUTOS = YES;
				GCC_WARN_UNUSED_VARIABLE = YES;
				IPHONEOS_DEPLOYMENT_TARGET = 5.1;
				SDKROOT = iphoneos;
			};
			name = Debug;
		};
		0A7CE6DD15F550C900E7A553 /* Release */ = {
			isa = XCBuildConfiguration;
			buildSettings = {
				ALWAYS_SEARCH_USER_PATHS = NO;
				ARCHS = "$(ARCHS_STANDARD_32_BIT)";
				CLANG_CXX_LANGUAGE_STANDARD = "gnu++0x";
				CLANG_ENABLE_OBJC_ARC = YES;
				CLANG_WARN__DUPLICATE_METHOD_MATCH = YES;
				"CODE_SIGN_IDENTITY[sdk=iphoneos*]" = "iPhone Developer";
				COPY_PHASE_STRIP = YES;
				GCC_C_LANGUAGE_STANDARD = gnu99;
				GCC_VERSION = com.apple.compilers.llvm.clang.1_0;
				GCC_WARN_ABOUT_RETURN_TYPE = YES;
				GCC_WARN_UNINITIALIZED_AUTOS = YES;
				GCC_WARN_UNUSED_VARIABLE = YES;
				IPHONEOS_DEPLOYMENT_TARGET = 5.1;
				OTHER_CFLAGS = "-DNS_BLOCK_ASSERTIONS=1";
				SDKROOT = iphoneos;
				VALIDATE_PRODUCT = YES;
			};
			name = Release;
		};
		0A7CE6DF15F550C900E7A553 /* Debug */ = {
			isa = XCBuildConfiguration;
			buildSettings = {
				FRAMEWORK_SEARCH_PATHS = (
					"$(inherited)",
					"/Users/reinpk/dev/segmentio-project/analytics-ios/Examples/Geofencing",
				);
				GCC_PRECOMPILE_PREFIX_HEADER = YES;
				GCC_PREFIX_HEADER = "geofencedemo/geofencedemo-Prefix.pch";
				INFOPLIST_FILE = "geofencedemo/geofencedemo-Info.plist";
				OTHER_LDFLAGS = "-ObjC";
				PRODUCT_NAME = "$(TARGET_NAME)";
				WRAPPER_EXTENSION = app;
			};
			name = Debug;
		};
		0A7CE6E015F550C900E7A553 /* Release */ = {
			isa = XCBuildConfiguration;
			buildSettings = {
				FRAMEWORK_SEARCH_PATHS = (
					"$(inherited)",
					"/Users/reinpk/dev/segmentio-project/analytics-ios/Examples/Geofencing",
				);
				GCC_PRECOMPILE_PREFIX_HEADER = YES;
				GCC_PREFIX_HEADER = "geofencedemo/geofencedemo-Prefix.pch";
				INFOPLIST_FILE = "geofencedemo/geofencedemo-Info.plist";
				OTHER_LDFLAGS = "-ObjC";
				PRODUCT_NAME = "$(TARGET_NAME)";
				WRAPPER_EXTENSION = app;
			};
			name = Release;
		};
/* End XCBuildConfiguration section */

/* Begin XCConfigurationList section */
		0A7CE6BA15F550C900E7A553 /* Build configuration list for PBXProject "geofencedemo" */ = {
			isa = XCConfigurationList;
			buildConfigurations = (
				0A7CE6DC15F550C900E7A553 /* Debug */,
				0A7CE6DD15F550C900E7A553 /* Release */,
			);
			defaultConfigurationIsVisible = 0;
			defaultConfigurationName = Release;
		};
		0A7CE6DE15F550C900E7A553 /* Build configuration list for PBXNativeTarget "geofencedemo" */ = {
			isa = XCConfigurationList;
			buildConfigurations = (
				0A7CE6DF15F550C900E7A553 /* Debug */,
				0A7CE6E015F550C900E7A553 /* Release */,
			);
			defaultConfigurationIsVisible = 0;
			defaultConfigurationName = Release;
		};
/* End XCConfigurationList section */
	};
	rootObject = 0A7CE6B715F550C900E7A553 /* Project object */;
}
